
Microsoft Visual Studio Solution File, Format Version 12.00
# Visual Studio 15
Project("{FAE04EC0-301F-11D3-BF4B-00C04F79EFBC}") = "Derpanizer", "Derpanizer.csproj", "{BFBBA1BB-6F8C-6F6B-423F-11C609F82F08}"
EndProject
Project("{FAE04EC0-301F-11D3-BF4B-00C04F79EFBC}") = "Derpanizer.Plugins", "Derpanizer.Plugins.csproj", "{9DE75934-C9CD-5C97-3551-64C76B68A66C}"
EndProject
Project("{FAE04EC0-301F-11D3-BF4B-00C04F79EFBC}") = "Derpanizer.Editor.Plugins", "Derpanizer.Editor.Plugins.csproj", "{5ABDA5DF-0A9F-E0D6-4D28-7782BA70EC3E}"
EndProject
Global
	GlobalSection(SolutionConfigurationPlatforms) = preSolution
		Debug|Any CPU = Debug|Any CPU
		Release|Any CPU = Release|Any CPU
	EndGlobalSection
	GlobalSection(ProjectConfigurationPlatforms) = postSolution
		{BFBBA1BB-6F8C-6F6B-423F-11C609F82F08}.Debug|Any CPU.ActiveCfg = Debug|Any CPU
		{BFBBA1BB-6F8C-6F6B-423F-11C609F82F08}.Debug|Any CPU.Build.0 = Debug|Any CPU
		{BFBBA1BB-6F8C-6F6B-423F-11C609F82F08}.Release|Any CPU.ActiveCfg = Release|Any CPU
		{BFBBA1BB-6F8C-6F6B-423F-11C609F82F08}.Release|Any CPU.Build.0 = Release|Any CPU
		{9DE75934-C9CD-5C97-3551-64C76B68A66C}.Debug|Any CPU.ActiveCfg = Debug|Any CPU
		{9DE75934-C9CD-5C97-3551-64C76B68A66C}.Debug|Any CPU.Build.0 = Debug|Any CPU
		{9DE75934-C9CD-5C97-3551-64C76B68A66C}.Release|Any CPU.ActiveCfg = Release|Any CPU
		{9DE75934-C9CD-5C97-3551-64C76B68A66C}.Release|Any CPU.Build.0 = Release|Any CPU
		{5ABDA5DF-0A9F-E0D6-4D28-7782BA70EC3E}.Debug|Any CPU.ActiveCfg = Debug|Any CPU
		{5ABDA5DF-0A9F-E0D6-4D28-7782BA70EC3E}.Debug|Any CPU.Build.0 = Debug|Any CPU
		{5ABDA5DF-0A9F-E0D6-4D28-7782BA70EC3E}.Release|Any CPU.ActiveCfg = Release|Any CPU
		{5ABDA5DF-0A9F-E0D6-4D28-7782BA70EC3E}.Release|Any CPU.Build.0 = Release|Any CPU
	EndGlobalSection
	GlobalSection(SolutionProperties) = preSolution
		HideSolutionNode = FALSE
	EndGlobalSection
EndGlobal
